{
	"name": "@iconify/vue-demo",
	"version": "2.0.0",
	"lockfileVersion": 2,
	"requires": true,
	"packages": {
		"": {
			"name": "@iconify/vue-demo",
			"version": "2.0.0",
			"dependencies": {
				"vue": "^3.2.26"
			},
			"devDependencies": {
				"@iconify-icons/bx": "^1.0.2",
				"@iconify-icons/dashicons": "^1.0.0",
				"@iconify/types": "^1.0.12",
				"@iconify/vue": "^3.1.2",
				"@vitejs/plugin-vue": "^1.9.4",
				"typescript": "^4.5.4",
				"vite": "^2.6.14"
			}
		},
		"node_modules/@babel/parser": {
			"version": "7.16.8",
			"resolved": "https://registry.npmjs.org/@babel/parser/-/parser-7.16.8.tgz",
			"integrity": "sha512-i7jDUfrVBWc+7OKcBzEe5n7fbv3i2fWtxKzzCvOjnzSxMfWMigAhtfJ7qzZNGFNMsCCd67+uz553dYKWXPvCKw==",
			"bin": {
				"parser": "bin/babel-parser.js"
			},
			"engines": {
				"node": ">=6.0.0"
			}
		},
		"node_modules/@iconify-icons/bx": {
			"version": "1.1.2",
			"resolved": "https://registry.npmjs.org/@iconify-icons/bx/-/bx-1.1.2.tgz",
			"integrity": "sha512-EHkRvCUiIq/2vcNZDSKv0NIj6vLDVN4zSOQiOcAMxze4amuZaoFjG/4c1V6ROcReYKmF2RQ/OHnCIjBwMT29LQ==",
			"dev": true
		},
		"node_modules/@iconify-icons/dashicons": {
			"version": "1.1.0",
			"resolved": "https://registry.npmjs.org/@iconify-icons/dashicons/-/dashicons-1.1.0.tgz",
			"integrity": "sha512-l539ceihPtCEm+v5JQjDjkRZ5ULPRJLA1OhSePuqTrBWkWx+H6asXkpM4hOB0cR59ynelsK9htSmrPij/JHnRg==",
			"dev": true
		},
		"node_modules/@iconify/types": {
			"version": "1.0.12",
			"resolved": "https://registry.npmjs.org/@iconify/types/-/types-1.0.12.tgz",
			"integrity": "sha512-6er6wSGF3hgc1JEZqiGpg21CTCjHBYOUwqLmb2Idzkjiw6ogalGP0ZMLVutCzah+0WB4yP+Zd2oVPN8jvJ+Ftg==",
			"dev": true
		},
		"node_modules/@iconify/vue": {
			"version": "3.1.2",
			"resolved": "https://registry.npmjs.org/@iconify/vue/-/vue-3.1.2.tgz",
			"integrity": "sha512-c777kFKOaEpiJCwz5lOgETWZnq4lEermMQ0RBCzTyRaGC/lmvw2SLF7aJQGri1sGFt4Z5GuXpnlX4DNf3aN+qA==",
			"dev": true,
			"dependencies": {
				"cross-fetch": "^3.1.4"
			},
			"funding": {
				"url": "http://github.com/sponsors/cyberalien"
			},
			"peerDependencies": {
				"vue": "3.x"
			}
		},
		"node_modules/@vitejs/plugin-vue": {
			"version": "1.9.4",
			"resolved": "https://registry.npmjs.org/@vitejs/plugin-vue/-/plugin-vue-1.9.4.tgz",
			"integrity": "sha512-0CZqaCoChriPTTtGkERy1LGPcYjGFpi2uYRhBPIkqJqUGV5JnJFhQAgh6oH9j5XZHfrRaisX8W0xSpO4T7S78A==",
			"dev": true,
			"engines": {
				"node": ">=12.0.0"
			},
			"peerDependencies": {
				"vite": "^2.5.10"
			}
		},
		"node_modules/@vue/compiler-core": {
			"version": "3.2.26",
			"resolved": "https://registry.npmjs.org/@vue/compiler-core/-/compiler-core-3.2.26.tgz",
			"integrity": "sha512-N5XNBobZbaASdzY9Lga2D9Lul5vdCIOXvUMd6ThcN8zgqQhPKfCV+wfAJNNJKQkSHudnYRO2gEB+lp0iN3g2Tw==",
			"dependencies": {
				"@babel/parser": "^7.16.4",
				"@vue/shared": "3.2.26",
				"estree-walker": "^2.0.2",
				"source-map": "^0.6.1"
			}
		},
		"node_modules/@vue/compiler-dom": {
			"version": "3.2.26",
			"resolved": "https://registry.npmjs.org/@vue/compiler-dom/-/compiler-dom-3.2.26.tgz",
			"integrity": "sha512-smBfaOW6mQDxcT3p9TKT6mE22vjxjJL50GFVJiI0chXYGU/xzC05QRGrW3HHVuJrmLTLx5zBhsZ2dIATERbarg==",
			"dependencies": {
				"@vue/compiler-core": "3.2.26",
				"@vue/shared": "3.2.26"
			}
		},
		"node_modules/@vue/compiler-sfc": {
			"version": "3.2.26",
			"resolved": "https://registry.npmjs.org/@vue/compiler-sfc/-/compiler-sfc-3.2.26.tgz",
			"integrity": "sha512-ePpnfktV90UcLdsDQUh2JdiTuhV0Skv2iYXxfNMOK/F3Q+2BO0AulcVcfoksOpTJGmhhfosWfMyEaEf0UaWpIw==",
			"dependencies": {
				"@babel/parser": "^7.16.4",
				"@vue/compiler-core": "3.2.26",
				"@vue/compiler-dom": "3.2.26",
				"@vue/compiler-ssr": "3.2.26",
				"@vue/reactivity-transform": "3.2.26",
				"@vue/shared": "3.2.26",
				"estree-walker": "^2.0.2",
				"magic-string": "^0.25.7",
				"postcss": "^8.1.10",
				"source-map": "^0.6.1"
			}
		},
		"node_modules/@vue/compiler-ssr": {
			"version": "3.2.26",
			"resolved": "https://registry.npmjs.org/@vue/compiler-ssr/-/compiler-ssr-3.2.26.tgz",
			"integrity": "sha512-2mywLX0ODc4Zn8qBoA2PDCsLEZfpUGZcyoFRLSOjyGGK6wDy2/5kyDOWtf0S0UvtoyVq95OTSGIALjZ4k2q/ag==",
			"dependencies": {
				"@vue/compiler-dom": "3.2.26",
				"@vue/shared": "3.2.26"
			}
		},
		"node_modules/@vue/reactivity": {
			"version": "3.2.26",
			"resolved": "https://registry.npmjs.org/@vue/reactivity/-/reactivity-3.2.26.tgz",
			"integrity": "sha512-h38bxCZLW6oFJVDlCcAiUKFnXI8xP8d+eO0pcDxx+7dQfSPje2AO6M9S9QO6MrxQB7fGP0DH0dYQ8ksf6hrXKQ==",
			"dependencies": {
				"@vue/shared": "3.2.26"
			}
		},
		"node_modules/@vue/reactivity-transform": {
			"version": "3.2.26",
			"resolved": "https://registry.npmjs.org/@vue/reactivity-transform/-/reactivity-transform-3.2.26.tgz",
			"integrity": "sha512-XKMyuCmzNA7nvFlYhdKwD78rcnmPb7q46uoR00zkX6yZrUmcCQ5OikiwUEVbvNhL5hBJuvbSO95jB5zkUon+eQ==",
			"dependencies": {
				"@babel/parser": "^7.16.4",
				"@vue/compiler-core": "3.2.26",
				"@vue/shared": "3.2.26",
				"estree-walker": "^2.0.2",
				"magic-string": "^0.25.7"
			}
		},
		"node_modules/@vue/runtime-core": {
			"version": "3.2.26",
			"resolved": "https://registry.npmjs.org/@vue/runtime-core/-/runtime-core-3.2.26.tgz",
			"integrity": "sha512-BcYi7qZ9Nn+CJDJrHQ6Zsmxei2hDW0L6AB4vPvUQGBm2fZyC0GXd/4nVbyA2ubmuhctD5RbYY8L+5GUJszv9mQ==",
			"dependencies": {
				"@vue/reactivity": "3.2.26",
				"@vue/shared": "3.2.26"
			}
		},
		"node_modules/@vue/runtime-dom": {
			"version": "3.2.26",
			"resolved": "https://registry.npmjs.org/@vue/runtime-dom/-/runtime-dom-3.2.26.tgz",
			"integrity": "sha512-dY56UIiZI+gjc4e8JQBwAifljyexfVCkIAu/WX8snh8vSOt/gMSEGwPRcl2UpYpBYeyExV8WCbgvwWRNt9cHhQ==",
			"dependencies": {
				"@vue/runtime-core": "3.2.26",
				"@vue/shared": "3.2.26",
				"csstype": "^2.6.8"
			}
		},
		"node_modules/@vue/server-renderer": {
			"version": "3.2.26",
			"resolved": "https://registry.npmjs.org/@vue/server-renderer/-/server-renderer-3.2.26.tgz",
			"integrity": "sha512-Jp5SggDUvvUYSBIvYEhy76t4nr1vapY/FIFloWmQzn7UxqaHrrBpbxrqPcTrSgGrcaglj0VBp22BKJNre4aA1w==",
			"dependencies": {
				"@vue/compiler-ssr": "3.2.26",
				"@vue/shared": "3.2.26"
			},
			"peerDependencies": {
				"vue": "3.2.26"
			}
		},
		"node_modules/@vue/shared": {
			"version": "3.2.26",
			"resolved": "https://registry.npmjs.org/@vue/shared/-/shared-3.2.26.tgz",
			"integrity": "sha512-vPV6Cq+NIWbH5pZu+V+2QHE9y1qfuTq49uNWw4f7FDEeZaDU2H2cx5jcUZOAKW7qTrUS4k6qZPbMy1x4N96nbA=="
		},
		"node_modules/cross-fetch": {
			"version": "3.1.4",
			"resolved": "https://registry.npmjs.org/cross-fetch/-/cross-fetch-3.1.4.tgz",
			"integrity": "sha512-1eAtFWdIubi6T4XPy6ei9iUFoKpUkIF971QLN8lIvvvwueI65+Nw5haMNKUwfJxabqlIIDODJKGrQ66gxC0PbQ==",
			"dev": true,
			"dependencies": {
				"node-fetch": "2.6.1"
			}
		},
		"node_modules/csstype": {
			"version": "2.6.19",
			"resolved": "https://registry.npmjs.org/csstype/-/csstype-2.6.19.tgz",
			"integrity": "sha512-ZVxXaNy28/k3kJg0Fou5MiYpp88j7H9hLZp8PDC3jV0WFjfH5E9xHb56L0W59cPbKbcHXeP4qyT8PrHp8t6LcQ=="
		},
		"node_modules/esbuild": {
			"version": "0.13.13",
			"resolved": "https://registry.npmjs.org/esbuild/-/esbuild-0.13.13.tgz",
			"integrity": "sha512-Z17A/R6D0b4s3MousytQ/5i7mTCbaF+Ua/yPfoe71vdTv4KBvVAvQ/6ytMngM2DwGJosl8WxaD75NOQl2QF26Q==",
			"dev": true,
			"hasInstallScript": true,
			"bin": {
				"esbuild": "bin/esbuild"
			},
			"optionalDependencies": {
				"esbuild-android-arm64": "0.13.13",
				"esbuild-darwin-64": "0.13.13",
				"esbuild-darwin-arm64": "0.13.13",
				"esbuild-freebsd-64": "0.13.13",
				"esbuild-freebsd-arm64": "0.13.13",
				"esbuild-linux-32": "0.13.13",
				"esbuild-linux-64": "0.13.13",
				"esbuild-linux-arm": "0.13.13",
				"esbuild-linux-arm64": "0.13.13",
				"esbuild-linux-mips64le": "0.13.13",
				"esbuild-linux-ppc64le": "0.13.13",
				"esbuild-netbsd-64": "0.13.13",
				"esbuild-openbsd-64": "0.13.13",
				"esbuild-sunos-64": "0.13.13",
				"esbuild-windows-32": "0.13.13",
				"esbuild-windows-64": "0.13.13",
				"esbuild-windows-arm64": "0.13.13"
			}
		},
		"node_modules/esbuild-android-arm64": {
			"version": "0.13.13",
			"resolved": "https://registry.npmjs.org/esbuild-android-arm64/-/esbuild-android-arm64-0.13.13.tgz",
			"integrity": "sha512-T02aneWWguJrF082jZworjU6vm8f4UQ+IH2K3HREtlqoY9voiJUwHLRL6khRlsNLzVglqgqb7a3HfGx7hAADCQ==",
			"cpu": [
				"arm64"
			],
			"dev": true,
			"optional": true,
			"os": [
				"android"
			]
		},
		"node_modules/esbuild-darwin-64": {
			"version": "0.13.13",
			"resolved": "https://registry.npmjs.org/esbuild-darwin-64/-/esbuild-darwin-64-0.13.13.tgz",
			"integrity": "sha512-wkaiGAsN/09X9kDlkxFfbbIgR78SNjMOfUhoel3CqKBDsi9uZhw7HBNHNxTzYUK8X8LAKFpbODgcRB3b/I8gHA==",
			"cpu": [
				"x64"
			],
			"dev": true,
			"optional": true,
			"os": [
				"darwin"
			]
		},
		"node_modules/esbuild-darwin-arm64": {
			"version": "0.13.13",
			"resolved": "https://registry.npmjs.org/esbuild-darwin-arm64/-/esbuild-darwin-arm64-0.13.13.tgz",
			"integrity": "sha512-b02/nNKGSV85Gw9pUCI5B48AYjk0vFggDeom0S6QMP/cEDtjSh1WVfoIFNAaLA0MHWfue8KBwoGVsN7rBshs4g==",
			"cpu": [
				"arm64"
			],
			"dev": true,
			"optional": true,
			"os": [
				"darwin"
			]
		},
		"node_modules/esbuild-freebsd-64": {
			"version": "0.13.13",
			"resolved": "https://registry.npmjs.org/esbuild-freebsd-64/-/esbuild-freebsd-64-0.13.13.tgz",
			"integrity": "sha512-ALgXYNYDzk9YPVk80A+G4vz2D22Gv4j4y25exDBGgqTcwrVQP8rf/rjwUjHoh9apP76oLbUZTmUmvCMuTI1V9A==",
			"cpu": [
				"x64"
			],
			"dev": true,
			"optional": true,
			"os": [
				"freebsd"
			]
		},
		"node_modules/esbuild-freebsd-arm64": {
			"version": "0.13.13",
			"resolved": "https://registry.npmjs.org/esbuild-freebsd-arm64/-/esbuild-freebsd-arm64-0.13.13.tgz",
			"integrity": "sha512-uFvkCpsZ1yqWQuonw5T1WZ4j59xP/PCvtu6I4pbLejhNo4nwjW6YalqnBvBSORq5/Ifo9S/wsIlVHzkzEwdtlw==",
			"cpu": [
				"arm64"
			],
			"dev": true,
			"optional": true,
			"os": [
				"freebsd"
			]
		},
		"node_modules/esbuild-linux-32": {
			"version": "0.13.13",
			"resolved": "https://registry.npmjs.org/esbuild-linux-32/-/esbuild-linux-32-0.13.13.tgz",
			"integrity": "sha512-yxR9BBwEPs9acVEwTrEE2JJNHYVuPQC9YGjRfbNqtyfK/vVBQYuw8JaeRFAvFs3pVJdQD0C2BNP4q9d62SCP4w==",
			"cpu": [
				"ia32"
			],
			"dev": true,
			"optional": true,
			"os": [
				"linux"
			]
		},
		"node_modules/esbuild-linux-64": {
			"version": "0.13.13",
			"resolved": "https://registry.npmjs.org/esbuild-linux-64/-/esbuild-linux-64-0.13.13.tgz",
			"integrity": "sha512-kzhjlrlJ+6ESRB/n12WTGll94+y+HFeyoWsOrLo/Si0s0f+Vip4b8vlnG0GSiS6JTsWYAtGHReGczFOaETlKIw==",
			"cpu": [
				"x64"
			],
			"dev": true,
			"optional": true,
			"os": [
				"linux"
			]
		},
		"node_modules/esbuild-linux-arm": {
			"version": "0.13.13",
			"resolved": "https://registry.npmjs.org/esbuild-linux-arm/-/esbuild-linux-arm-0.13.13.tgz",
			"integrity": "sha512-hXub4pcEds+U1TfvLp1maJ+GHRw7oizvzbGRdUvVDwtITtjq8qpHV5Q5hWNNn6Q+b3b2UxF03JcgnpzCw96nUQ==",
			"cpu": [
				"arm"
			],
			"dev": true,
			"optional": true,
			"os": [
				"linux"
			]
		},
		"node_modules/esbuild-linux-arm64": {
			"version": "0.13.13",
			"resolved": "https://registry.npmjs.org/esbuild-linux-arm64/-/esbuild-linux-arm64-0.13.13.tgz",
			"integrity": "sha512-KMrEfnVbmmJxT3vfTnPv/AiXpBFbbyExH13BsUGy1HZRPFMi5Gev5gk8kJIZCQSRfNR17aqq8sO5Crm2KpZkng==",
			"cpu": [
				"arm64"
			],
			"dev": true,
			"optional": true,
			"os": [
				"linux"
			]
		},
		"node_modules/esbuild-linux-mips64le": {
			"version": "0.13.13",
			"resolved": "https://registry.npmjs.org/esbuild-linux-mips64le/-/esbuild-linux-mips64le-0.13.13.tgz",
			"integrity": "sha512-cJT9O1LYljqnnqlHaS0hdG73t7hHzF3zcN0BPsjvBq+5Ad47VJun+/IG4inPhk8ta0aEDK6LdP+F9299xa483w==",
			"cpu": [
				"mips64el"
			],
			"dev": true,
			"optional": true,
			"os": [
				"linux"
			]
		},
		"node_modules/esbuild-linux-ppc64le": {
			"version": "0.13.13",
			"resolved": "https://registry.npmjs.org/esbuild-linux-ppc64le/-/esbuild-linux-ppc64le-0.13.13.tgz",
			"integrity": "sha512-+rghW8st6/7O6QJqAjVK3eXzKkZqYAw6LgHv7yTMiJ6ASnNvghSeOcIvXFep3W2oaJc35SgSPf21Ugh0o777qQ==",
			"cpu": [
				"ppc64"
			],
			"dev": true,
			"optional": true,
			"os": [
				"linux"
			]
		},
		"node_modules/esbuild-netbsd-64": {
			"version": "0.13.13",
			"resolved": "https://registry.npmjs.org/esbuild-netbsd-64/-/esbuild-netbsd-64-0.13.13.tgz",
			"integrity": "sha512-A/B7rwmzPdzF8c3mht5TukbnNwY5qMJqes09ou0RSzA5/jm7Jwl/8z853ofujTFOLhkNHUf002EAgokzSgEMpQ==",
			"cpu": [
				"x64"
			],
			"dev": true,
			"optional": true,
			"os": [
				"netbsd"
			]
		},
		"node_modules/esbuild-openbsd-64": {
			"version": "0.13.13",
			"resolved": "https://registry.npmjs.org/esbuild-openbsd-64/-/esbuild-openbsd-64-0.13.13.tgz",
			"integrity": "sha512-szwtuRA4rXKT3BbwoGpsff6G7nGxdKgUbW9LQo6nm0TVCCjDNDC/LXxT994duIW8Tyq04xZzzZSW7x7ttDiw1w==",
			"cpu": [
				"x64"
			],
			"dev": true,
			"optional": true,
			"os": [
				"openbsd"
			]
		},
		"node_modules/esbuild-sunos-64": {
			"version": "0.13.13",
			"resolved": "https://registry.npmjs.org/esbuild-sunos-64/-/esbuild-sunos-64-0.13.13.tgz",
			"integrity": "sha512-ihyds9O48tVOYF48iaHYUK/boU5zRaLOXFS+OOL3ceD39AyHo46HVmsJLc7A2ez0AxNZCxuhu+P9OxfPfycTYQ==",
			"cpu": [
				"x64"
			],
			"dev": true,
			"optional": true,
			"os": [
				"sunos"
			]
		},
		"node_modules/esbuild-windows-32": {
			"version": "0.13.13",
			"resolved": "https://registry.npmjs.org/esbuild-windows-32/-/esbuild-windows-32-0.13.13.tgz",
			"integrity": "sha512-h2RTYwpG4ldGVJlbmORObmilzL8EECy8BFiF8trWE1ZPHLpECE9//J3Bi+W3eDUuv/TqUbiNpGrq4t/odbayUw==",
			"cpu": [
				"ia32"
			],
			"dev": true,
			"optional": true,
			"os": [
				"win32"
			]
		},
		"node_modules/esbuild-windows-64": {
			"version": "0.13.13",
			"resolved": "https://registry.npmjs.org/esbuild-windows-64/-/esbuild-windows-64-0.13.13.tgz",
			"integrity": "sha512-oMrgjP4CjONvDHe7IZXHrMk3wX5Lof/IwFEIbwbhgbXGBaN2dke9PkViTiXC3zGJSGpMvATXVplEhlInJ0drHA==",
			"cpu": [
				"x64"
			],
			"dev": true,
			"optional": true,
			"os": [
				"win32"
			]
		},
		"node_modules/esbuild-windows-arm64": {
			"version": "0.13.13",
			"resolved": "https://registry.npmjs.org/esbuild-windows-arm64/-/esbuild-windows-arm64-0.13.13.tgz",
			"integrity": "sha512-6fsDfTuTvltYB5k+QPah/x7LrI2+OLAJLE3bWLDiZI6E8wXMQU+wLqtEO/U/RvJgVY1loPs5eMpUBpVajczh1A==",
			"cpu": [
				"arm64"
			],
			"dev": true,
			"optional": true,
			"os": [
				"win32"
			]
		},
		"node_modules/estree-walker": {
			"version": "2.0.2",
			"resolved": "https://registry.npmjs.org/estree-walker/-/estree-walker-2.0.2.tgz",
			"integrity": "sha512-Rfkk/Mp/DL7JVje3u18FxFujQlTNR2q6QfMSMB7AvCBx91NGj/ba3kCfza0f6dVDbw7YlRf/nDrn7pQrCCyQ/w=="
		},
		"node_modules/fsevents": {
			"version": "2.3.2",
			"resolved": "https://registry.npmjs.org/fsevents/-/fsevents-2.3.2.tgz",
			"integrity": "sha512-xiqMQR4xAeHTuB9uWm+fFRcIOgKBMiOBP+eXiyT7jsgVCq1bkVygt00oASowB7EdtpOHaaPgKt812P9ab+DDKA==",
			"dev": true,
			"hasInstallScript": true,
			"optional": true,
			"os": [
				"darwin"
			],
			"engines": {
				"node": "^8.16.0 || ^10.6.0 || >=11.0.0"
			}
		},
		"node_modules/function-bind": {
			"version": "1.1.1",
			"resolved": "https://registry.npmjs.org/function-bind/-/function-bind-1.1.1.tgz",
			"integrity": "sha512-yIovAzMX49sF8Yl58fSCWJ5svSLuaibPxXQJFLmBObTuCr0Mf1KiPopGM9NiFjiYBCbfaa2Fh6breQ6ANVTI0A==",
			"dev": true
		},
		"node_modules/has": {
			"version": "1.0.3",
			"resolved": "https://registry.npmjs.org/has/-/has-1.0.3.tgz",
			"integrity": "sha512-f2dvO0VU6Oej7RkWJGrehjbzMAjFp5/VKPp5tTpWIV4JHHZK1/BxbFRtf/siA2SWTe09caDmVtYYzWEIbBS4zw==",
			"dev": true,
			"dependencies": {
				"function-bind": "^1.1.1"
			},
			"engines": {
				"node": ">= 0.4.0"
			}
		},
		"node_modules/is-core-module": {
			"version": "2.8.0",
			"resolved": "https://registry.npmjs.org/is-core-module/-/is-core-module-2.8.0.tgz",
			"integrity": "sha512-vd15qHsaqrRL7dtH6QNuy0ndJmRDrS9HAM1CAiSifNUFv4x1a0CCVsj18hJ1mShxIG6T2i1sO78MkP56r0nYRw==",
			"dev": true,
			"dependencies": {
				"has": "^1.0.3"
			},
			"funding": {
				"url": "https://github.com/sponsors/ljharb"
			}
		},
		"node_modules/magic-string": {
			"version": "0.25.7",
			"resolved": "https://registry.npmjs.org/magic-string/-/magic-string-0.25.7.tgz",
			"integrity": "sha512-4CrMT5DOHTDk4HYDlzmwu4FVCcIYI8gauveasrdCu2IKIFOJ3f0v/8MDGJCDL9oD2ppz/Av1b0Nj345H9M+XIA==",
			"dependencies": {
				"sourcemap-codec": "^1.4.4"
			}
		},
		"node_modules/nanoid": {
			"version": "3.1.30",
			"resolved": "https://registry.npmjs.org/nanoid/-/nanoid-3.1.30.tgz",
			"integrity": "sha512-zJpuPDwOv8D2zq2WRoMe1HsfZthVewpel9CAvTfc/2mBD1uUT/agc5f7GHGWXlYkFvi1mVxe4IjvP2HNrop7nQ==",
			"bin": {
				"nanoid": "bin/nanoid.cjs"
			},
			"engines": {
				"node": "^10 || ^12 || ^13.7 || ^14 || >=15.0.1"
			}
		},
		"node_modules/node-fetch": {
			"version": "2.6.1",
			"resolved": "https://registry.npmjs.org/node-fetch/-/node-fetch-2.6.1.tgz",
			"integrity": "sha512-V4aYg89jEoVRxRb2fJdAg8FHvI7cEyYdVAh94HH0UIK8oJxUfkjlDQN9RbMx+bEjP7+ggMiFRprSti032Oipxw==",
			"dev": true,
			"engines": {
				"node": "4.x || >=6.0.0"
			}
		},
		"node_modules/path-parse": {
			"version": "1.0.7",
			"resolved": "https://registry.npmjs.org/path-parse/-/path-parse-1.0.7.tgz",
			"integrity": "sha512-LDJzPVEEEPR+y48z93A0Ed0yXb8pAByGWo/k5YYdYgpY2/2EsOsksJrq7lOHxryrVOn1ejG6oAp8ahvOIQD8sw==",
			"dev": true
		},
		"node_modules/picocolors": {
			"version": "1.0.0",
			"resolved": "https://registry.npmjs.org/picocolors/-/picocolors-1.0.0.tgz",
			"integrity": "sha512-1fygroTLlHu66zi26VoTDv8yRgm0Fccecssto+MhsZ0D/DGW2sm8E8AjW7NU5VVTRt5GxbeZ5qBuJr+HyLYkjQ=="
		},
		"node_modules/postcss": {
			"version": "8.4.5",
			"resolved": "https://registry.npmjs.org/postcss/-/postcss-8.4.5.tgz",
			"integrity": "sha512-jBDboWM8qpaqwkMwItqTQTiFikhs/67OYVvblFFTM7MrZjt6yMKd6r2kgXizEbTTljacm4NldIlZnhbjr84QYg==",
			"dependencies": {
				"nanoid": "^3.1.30",
				"picocolors": "^1.0.0",
				"source-map-js": "^1.0.1"
			},
			"engines": {
				"node": "^10 || ^12 || >=14"
			},
			"funding": {
				"type": "opencollective",
				"url": "https://opencollective.com/postcss/"
			}
		},
		"node_modules/resolve": {
			"version": "1.20.0",
			"resolved": "https://registry.npmjs.org/resolve/-/resolve-1.20.0.tgz",
			"integrity": "sha512-wENBPt4ySzg4ybFQW2TT1zMQucPK95HSh/nq2CFTZVOGut2+pQvSsgtda4d26YrYcr067wjbmzOG8byDPBX63A==",
			"dev": true,
			"dependencies": {
				"is-core-module": "^2.2.0",
				"path-parse": "^1.0.6"
			},
			"funding": {
				"url": "https://github.com/sponsors/ljharb"
			}
		},
		"node_modules/rollup": {
			"version": "2.59.0",
			"resolved": "https://registry.npmjs.org/rollup/-/rollup-2.59.0.tgz",
			"integrity": "sha512-l7s90JQhCQ6JyZjKgo7Lq1dKh2RxatOM+Jr6a9F7WbS9WgKbocyUSeLmZl8evAse7y96Ae98L2k1cBOwWD8nHw==",
			"dev": true,
			"bin": {
				"rollup": "dist/bin/rollup"
			},
			"engines": {
				"node": ">=10.0.0"
			},
			"optionalDependencies": {
				"fsevents": "~2.3.2"
			}
		},
		"node_modules/source-map": {
			"version": "0.6.1",
			"resolved": "https://registry.npmjs.org/source-map/-/source-map-0.6.1.tgz",
			"integrity": "sha512-UjgapumWlbMhkBgzT7Ykc5YXUT46F0iKu8SGXq0bcwP5dz/h0Plj6enJqjz1Zbq2l5WaqYnrVbwWOWMyF3F47g==",
			"engines": {
				"node": ">=0.10.0"
			}
		},
		"node_modules/source-map-js": {
			"version": "1.0.1",
			"resolved": "https://registry.npmjs.org/source-map-js/-/source-map-js-1.0.1.tgz",
			"integrity": "sha512-4+TN2b3tqOCd/kaGRJ/sTYA0tR0mdXx26ipdolxcwtJVqEnqNYvlCAt1q3ypy4QMlYus+Zh34RNtYLoq2oQ4IA==",
			"engines": {
				"node": ">=0.10.0"
			}
		},
		"node_modules/sourcemap-codec": {
			"version": "1.4.8",
			"resolved": "https://registry.npmjs.org/sourcemap-codec/-/sourcemap-codec-1.4.8.tgz",
			"integrity": "sha512-9NykojV5Uih4lgo5So5dtw+f0JgJX30KCNI8gwhz2J9A15wD0Ml6tjHKwf6fTSa6fAdVBdZeNOs9eJ71qCk8vA=="
		},
		"node_modules/typescript": {
			"version": "4.5.4",
			"resolved": "https://registry.npmjs.org/typescript/-/typescript-4.5.4.tgz",
			"integrity": "sha512-VgYs2A2QIRuGphtzFV7aQJduJ2gyfTljngLzjpfW9FoYZF6xuw1W0vW9ghCKLfcWrCFxK81CSGRAvS1pn4fIUg==",
			"dev": true,
			"bin": {
				"tsc": "bin/tsc",
				"tsserver": "bin/tsserver"
			},
			"engines": {
				"node": ">=4.2.0"
			}
		},
		"node_modules/vite": {
			"version": "2.6.14",
			"resolved": "https://registry.npmjs.org/vite/-/vite-2.6.14.tgz",
			"integrity": "sha512-2HA9xGyi+EhY2MXo0+A2dRsqsAG3eFNEVIo12olkWhOmc8LfiM+eMdrXf+Ruje9gdXgvSqjLI9freec1RUM5EA==",
			"dev": true,
			"dependencies": {
				"esbuild": "^0.13.2",
				"postcss": "^8.3.8",
				"resolve": "^1.20.0",
				"rollup": "^2.57.0"
			},
			"bin": {
				"vite": "bin/vite.js"
			},
			"engines": {
				"node": ">=12.2.0"
			},
			"optionalDependencies": {
				"fsevents": "~2.3.2"
			},
			"peerDependencies": {
				"less": "*",
				"sass": "*",
				"stylus": "*"
			},
			"peerDependenciesMeta": {
				"less": {
					"optional": true
				},
				"sass": {
					"optional": true
				},
				"stylus": {
					"optional": true
				}
			}
		},
		"node_modules/vue": {
			"version": "3.2.26",
			"resolved": "https://registry.npmjs.org/vue/-/vue-3.2.26.tgz",
			"integrity": "sha512-KD4lULmskL5cCsEkfhERVRIOEDrfEL9CwAsLYpzptOGjaGFNWo3BQ9g8MAb7RaIO71rmVOziZ/uEN/rHwcUIhg==",
			"dependencies": {
				"@vue/compiler-dom": "3.2.26",
				"@vue/compiler-sfc": "3.2.26",
				"@vue/runtime-dom": "3.2.26",
				"@vue/server-renderer": "3.2.26",
				"@vue/shared": "3.2.26"
			}
		}
	},
	"dependencies": {
		"@babel/parser": {
			"version": "7.16.8",
			"resolved": "https://registry.npmjs.org/@babel/parser/-/parser-7.16.8.tgz",
			"integrity": "sha512-i7jDUfrVBWc+7OKcBzEe5n7fbv3i2fWtxKzzCvOjnzSxMfWMigAhtfJ7qzZNGFNMsCCd67+uz553dYKWXPvCKw=="
		},
		"@iconify-icons/bx": {
			"version": "1.1.2",
			"resolved": "https://registry.npmjs.org/@iconify-icons/bx/-/bx-1.1.2.tgz",
			"integrity": "sha512-EHkRvCUiIq/2vcNZDSKv0NIj6vLDVN4zSOQiOcAMxze4amuZaoFjG/4c1V6ROcReYKmF2RQ/OHnCIjBwMT29LQ==",
			"dev": true
		},
		"@iconify-icons/dashicons": {
			"version": "1.1.0",
			"resolved": "https://registry.npmjs.org/@iconify-icons/dashicons/-/dashicons-1.1.0.tgz",
			"integrity": "sha512-l539ceihPtCEm+v5JQjDjkRZ5ULPRJLA1OhSePuqTrBWkWx+H6asXkpM4hOB0cR59ynelsK9htSmrPij/JHnRg==",
			"dev": true
		},
		"@iconify/types": {
			"version": "1.0.12",
			"resolved": "https://registry.npmjs.org/@iconify/types/-/types-1.0.12.tgz",
			"integrity": "sha512-6er6wSGF3hgc1JEZqiGpg21CTCjHBYOUwqLmb2Idzkjiw6ogalGP0ZMLVutCzah+0WB4yP+Zd2oVPN8jvJ+Ftg==",
			"dev": true
		},
		"@iconify/vue": {
			"version": "3.1.2",
			"resolved": "https://registry.npmjs.org/@iconify/vue/-/vue-3.1.2.tgz",
			"integrity": "sha512-c777kFKOaEpiJCwz5lOgETWZnq4lEermMQ0RBCzTyRaGC/lmvw2SLF7aJQGri1sGFt4Z5GuXpnlX4DNf3aN+qA==",
			"dev": true,
			"requires": {
				"cross-fetch": "^3.1.4"
			}
		},
		"@vitejs/plugin-vue": {
			"version": "1.9.4",
			"resolved": "https://registry.npmjs.org/@vitejs/plugin-vue/-/plugin-vue-1.9.4.tgz",
			"integrity": "sha512-0CZqaCoChriPTTtGkERy1LGPcYjGFpi2uYRhBPIkqJqUGV5JnJFhQAgh6oH9j5XZHfrRaisX8W0xSpO4T7S78A==",
			"dev": true,
			"requires": {}
		},
		"@vue/compiler-core": {
			"version": "3.2.26",
			"resolved": "https://registry.npmjs.org/@vue/compiler-core/-/compiler-core-3.2.26.tgz",
			"integrity": "sha512-N5XNBobZbaASdzY9Lga2D9Lul5vdCIOXvUMd6ThcN8zgqQhPKfCV+wfAJNNJKQkSHudnYRO2gEB+lp0iN3g2Tw==",
			"requires": {
				"@babel/parser": "^7.16.4",
				"@vue/shared": "3.2.26",
				"estree-walker": "^2.0.2",
				"source-map": "^0.6.1"
			}
		},
		"@vue/compiler-dom": {
			"version": "3.2.26",
			"resolved": "https://registry.npmjs.org/@vue/compiler-dom/-/compiler-dom-3.2.26.tgz",
			"integrity": "sha512-smBfaOW6mQDxcT3p9TKT6mE22vjxjJL50GFVJiI0chXYGU/xzC05QRGrW3HHVuJrmLTLx5zBhsZ2dIATERbarg==",
			"requires": {
				"@vue/compiler-core": "3.2.26",
				"@vue/shared": "3.2.26"
			}
		},
		"@vue/compiler-sfc": {
			"version": "3.2.26",
			"resolved": "https://registry.npmjs.org/@vue/compiler-sfc/-/compiler-sfc-3.2.26.tgz",
			"integrity": "sha512-ePpnfktV90UcLdsDQUh2JdiTuhV0Skv2iYXxfNMOK/F3Q+2BO0AulcVcfoksOpTJGmhhfosWfMyEaEf0UaWpIw==",
			"requires": {
				"@babel/parser": "^7.16.4",
				"@vue/compiler-core": "3.2.26",
				"@vue/compiler-dom": "3.2.26",
				"@vue/compiler-ssr": "3.2.26",
				"@vue/reactivity-transform": "3.2.26",
				"@vue/shared": "3.2.26",
				"estree-walker": "^2.0.2",
				"magic-string": "^0.25.7",
				"postcss": "^8.1.10",
				"source-map": "^0.6.1"
			}
		},
		"@vue/compiler-ssr": {
			"version": "3.2.26",
			"resolved": "https://registry.npmjs.org/@vue/compiler-ssr/-/compiler-ssr-3.2.26.tgz",
			"integrity": "sha512-2mywLX0ODc4Zn8qBoA2PDCsLEZfpUGZcyoFRLSOjyGGK6wDy2/5kyDOWtf0S0UvtoyVq95OTSGIALjZ4k2q/ag==",
			"requires": {
				"@vue/compiler-dom": "3.2.26",
				"@vue/shared": "3.2.26"
			}
		},
		"@vue/reactivity": {
			"version": "3.2.26",
			"resolved": "https://registry.npmjs.org/@vue/reactivity/-/reactivity-3.2.26.tgz",
			"integrity": "sha512-h38bxCZLW6oFJVDlCcAiUKFnXI8xP8d+eO0pcDxx+7dQfSPje2AO6M9S9QO6MrxQB7fGP0DH0dYQ8ksf6hrXKQ==",
			"requires": {
				"@vue/shared": "3.2.26"
			}
		},
		"@vue/reactivity-transform": {
			"version": "3.2.26",
			"resolved": "https://registry.npmjs.org/@vue/reactivity-transform/-/reactivity-transform-3.2.26.tgz",
			"integrity": "sha512-XKMyuCmzNA7nvFlYhdKwD78rcnmPb7q46uoR00zkX6yZrUmcCQ5OikiwUEVbvNhL5hBJuvbSO95jB5zkUon+eQ==",
			"requires": {
				"@babel/parser": "^7.16.4",
				"@vue/compiler-core": "3.2.26",
				"@vue/shared": "3.2.26",
				"estree-walker": "^2.0.2",
				"magic-string": "^0.25.7"
			}
		},
		"@vue/runtime-core": {
			"version": "3.2.26",
			"resolved": "https://registry.npmjs.org/@vue/runtime-core/-/runtime-core-3.2.26.tgz",
			"integrity": "sha512-BcYi7qZ9Nn+CJDJrHQ6Zsmxei2hDW0L6AB4vPvUQGBm2fZyC0GXd/4nVbyA2ubmuhctD5RbYY8L+5GUJszv9mQ==",
			"requires": {
				"@vue/reactivity": "3.2.26",
				"@vue/shared": "3.2.26"
			}
		},
		"@vue/runtime-dom": {
			"version": "3.2.26",
			"resolved": "https://registry.npmjs.org/@vue/runtime-dom/-/runtime-dom-3.2.26.tgz",
			"integrity": "sha512-dY56UIiZI+gjc4e8JQBwAifljyexfVCkIAu/WX8snh8vSOt/gMSEGwPRcl2UpYpBYeyExV8WCbgvwWRNt9cHhQ==",
			"requires": {
				"@vue/runtime-core": "3.2.26",
				"@vue/shared": "3.2.26",
				"csstype": "^2.6.8"
			}
		},
		"@vue/server-renderer": {
			"version": "3.2.26",
			"resolved": "https://registry.npmjs.org/@vue/server-renderer/-/server-renderer-3.2.26.tgz",
			"integrity": "sha512-Jp5SggDUvvUYSBIvYEhy76t4nr1vapY/FIFloWmQzn7UxqaHrrBpbxrqPcTrSgGrcaglj0VBp22BKJNre4aA1w==",
			"requires": {
				"@vue/compiler-ssr": "3.2.26",
				"@vue/shared": "3.2.26"
			}
		},
		"@vue/shared": {
			"version": "3.2.26",
			"resolved": "https://registry.npmjs.org/@vue/shared/-/shared-3.2.26.tgz",
			"integrity": "sha512-vPV6Cq+NIWbH5pZu+V+2QHE9y1qfuTq49uNWw4f7FDEeZaDU2H2cx5jcUZOAKW7qTrUS4k6qZPbMy1x4N96nbA=="
		},
		"cross-fetch": {
			"version": "3.1.4",
			"resolved": "https://registry.npmjs.org/cross-fetch/-/cross-fetch-3.1.4.tgz",
			"integrity": "sha512-1eAtFWdIubi6T4XPy6ei9iUFoKpUkIF971QLN8lIvvvwueI65+Nw5haMNKUwfJxabqlIIDODJKGrQ66gxC0PbQ==",
			"dev": true,
			"requires": {
				"node-fetch": "2.6.1"
			}
		},
		"csstype": {
			"version": "2.6.19",
			"resolved": "https://registry.npmjs.org/csstype/-/csstype-2.6.19.tgz",
			"integrity": "sha512-ZVxXaNy28/k3kJg0Fou5MiYpp88j7H9hLZp8PDC3jV0WFjfH5E9xHb56L0W59cPbKbcHXeP4qyT8PrHp8t6LcQ=="
		},
		"esbuild": {
			"version": "0.13.13",
			"resolved": "https://registry.npmjs.org/esbuild/-/esbuild-0.13.13.tgz",
			"integrity": "sha512-Z17A/R6D0b4s3MousytQ/5i7mTCbaF+Ua/yPfoe71vdTv4KBvVAvQ/6ytMngM2DwGJosl8WxaD75NOQl2QF26Q==",
			"dev": true,
			"requires": {
				"esbuild-android-arm64": "0.13.13",
				"esbuild-darwin-64": "0.13.13",
				"esbuild-darwin-arm64": "0.13.13",
				"esbuild-freebsd-64": "0.13.13",
				"esbuild-freebsd-arm64": "0.13.13",
				"esbuild-linux-32": "0.13.13",
				"esbuild-linux-64": "0.13.13",
				"esbuild-linux-arm": "0.13.13",
				"esbuild-linux-arm64": "0.13.13",
				"esbuild-linux-mips64le": "0.13.13",
				"esbuild-linux-ppc64le": "0.13.13",
				"esbuild-netbsd-64": "0.13.13",
				"esbuild-openbsd-64": "0.13.13",
				"esbuild-sunos-64": "0.13.13",
				"esbuild-windows-32": "0.13.13",
				"esbuild-windows-64": "0.13.13",
				"esbuild-windows-arm64": "0.13.13"
			}
		},
		"esbuild-android-arm64": {
			"version": "0.13.13",
			"resolved": "https://registry.npmjs.org/esbuild-android-arm64/-/esbuild-android-arm64-0.13.13.tgz",
			"integrity": "sha512-T02aneWWguJrF082jZworjU6vm8f4UQ+IH2K3HREtlqoY9voiJUwHLRL6khRlsNLzVglqgqb7a3HfGx7hAADCQ==",
			"dev": true,
			"optional": true
		},
		"esbuild-darwin-64": {
			"version": "0.13.13",
			"resolved": "https://registry.npmjs.org/esbuild-darwin-64/-/esbuild-darwin-64-0.13.13.tgz",
			"integrity": "sha512-wkaiGAsN/09X9kDlkxFfbbIgR78SNjMOfUhoel3CqKBDsi9uZhw7HBNHNxTzYUK8X8LAKFpbODgcRB3b/I8gHA==",
			"dev": true,
			"optional": true
		},
		"esbuild-darwin-arm64": {
			"version": "0.13.13",
			"resolved": "https://registry.npmjs.org/esbuild-darwin-arm64/-/esbuild-darwin-arm64-0.13.13.tgz",
			"integrity": "sha512-b02/nNKGSV85Gw9pUCI5B48AYjk0vFggDeom0S6QMP/cEDtjSh1WVfoIFNAaLA0MHWfue8KBwoGVsN7rBshs4g==",
			"dev": true,
			"optional": true
		},
		"esbuild-freebsd-64": {
			"version": "0.13.13",
			"resolved": "https://registry.npmjs.org/esbuild-freebsd-64/-/esbuild-freebsd-64-0.13.13.tgz",
			"integrity": "sha512-ALgXYNYDzk9YPVk80A+G4vz2D22Gv4j4y25exDBGgqTcwrVQP8rf/rjwUjHoh9apP76oLbUZTmUmvCMuTI1V9A==",
			"dev": true,
			"optional": true
		},
		"esbuild-freebsd-arm64": {
			"version": "0.13.13",
			"resolved": "https://registry.npmjs.org/esbuild-freebsd-arm64/-/esbuild-freebsd-arm64-0.13.13.tgz",
			"integrity": "sha512-uFvkCpsZ1yqWQuonw5T1WZ4j59xP/PCvtu6I4pbLejhNo4nwjW6YalqnBvBSORq5/Ifo9S/wsIlVHzkzEwdtlw==",
			"dev": true,
			"optional": true
		},
		"esbuild-linux-32": {
			"version": "0.13.13",
			"resolved": "https://registry.npmjs.org/esbuild-linux-32/-/esbuild-linux-32-0.13.13.tgz",
			"integrity": "sha512-yxR9BBwEPs9acVEwTrEE2JJNHYVuPQC9YGjRfbNqtyfK/vVBQYuw8JaeRFAvFs3pVJdQD0C2BNP4q9d62SCP4w==",
			"dev": true,
			"optional": true
		},
		"esbuild-linux-64": {
			"version": "0.13.13",
			"resolved": "https://registry.npmjs.org/esbuild-linux-64/-/esbuild-linux-64-0.13.13.tgz",
			"integrity": "sha512-kzhjlrlJ+6ESRB/n12WTGll94+y+HFeyoWsOrLo/Si0s0f+Vip4b8vlnG0GSiS6JTsWYAtGHReGczFOaETlKIw==",
			"dev": true,
			"optional": true
		},
		"esbuild-linux-arm": {
			"version": "0.13.13",
			"resolved": "https://registry.npmjs.org/esbuild-linux-arm/-/esbuild-linux-arm-0.13.13.tgz",
			"integrity": "sha512-hXub4pcEds+U1TfvLp1maJ+GHRw7oizvzbGRdUvVDwtITtjq8qpHV5Q5hWNNn6Q+b3b2UxF03JcgnpzCw96nUQ==",
			"dev": true,
			"optional": true
		},
		"esbuild-linux-arm64": {
			"version": "0.13.13",
			"resolved": "https://registry.npmjs.org/esbuild-linux-arm64/-/esbuild-linux-arm64-0.13.13.tgz",
			"integrity": "sha512-KMrEfnVbmmJxT3vfTnPv/AiXpBFbbyExH13BsUGy1HZRPFMi5Gev5gk8kJIZCQSRfNR17aqq8sO5Crm2KpZkng==",
			"dev": true,
			"optional": true
		},
		"esbuild-linux-mips64le": {
			"version": "0.13.13",
			"resolved": "https://registry.npmjs.org/esbuild-linux-mips64le/-/esbuild-linux-mips64le-0.13.13.tgz",
			"integrity": "sha512-cJT9O1LYljqnnqlHaS0hdG73t7hHzF3zcN0BPsjvBq+5Ad47VJun+/IG4inPhk8ta0aEDK6LdP+F9299xa483w==",
			"dev": true,
			"optional": true
		},
		"esbuild-linux-ppc64le": {
			"version": "0.13.13",
			"resolved": "https://registry.npmjs.org/esbuild-linux-ppc64le/-/esbuild-linux-ppc64le-0.13.13.tgz",
			"integrity": "sha512-+rghW8st6/7O6QJqAjVK3eXzKkZqYAw6LgHv7yTMiJ6ASnNvghSeOcIvXFep3W2oaJc35SgSPf21Ugh0o777qQ==",
			"dev": true,
			"optional": true
		},
		"esbuild-netbsd-64": {
			"version": "0.13.13",
			"resolved": "https://registry.npmjs.org/esbuild-netbsd-64/-/esbuild-netbsd-64-0.13.13.tgz",
			"integrity": "sha512-A/B7rwmzPdzF8c3mht5TukbnNwY5qMJqes09ou0RSzA5/jm7Jwl/8z853ofujTFOLhkNHUf002EAgokzSgEMpQ==",
			"dev": true,
			"optional": true
		},
		"esbuild-openbsd-64": {
			"version": "0.13.13",
			"resolved": "https://registry.npmjs.org/esbuild-openbsd-64/-/esbuild-openbsd-64-0.13.13.tgz",
			"integrity": "sha512-szwtuRA4rXKT3BbwoGpsff6G7nGxdKgUbW9LQo6nm0TVCCjDNDC/LXxT994duIW8Tyq04xZzzZSW7x7ttDiw1w==",
			"dev": true,
			"optional": true
		},
		"esbuild-sunos-64": {
			"version": "0.13.13",
			"resolved": "https://registry.npmjs.org/esbuild-sunos-64/-/esbuild-sunos-64-0.13.13.tgz",
			"integrity": "sha512-ihyds9O48tVOYF48iaHYUK/boU5zRaLOXFS+OOL3ceD39AyHo46HVmsJLc7A2ez0AxNZCxuhu+P9OxfPfycTYQ==",
			"dev": true,
			"optional": true
		},
		"esbuild-windows-32": {
			"version": "0.13.13",
			"resolved": "https://registry.npmjs.org/esbuild-windows-32/-/esbuild-windows-32-0.13.13.tgz",
			"integrity": "sha512-h2RTYwpG4ldGVJlbmORObmilzL8EECy8BFiF8trWE1ZPHLpECE9//J3Bi+W3eDUuv/TqUbiNpGrq4t/odbayUw==",
			"dev": true,
			"optional": true
		},
		"esbuild-windows-64": {
			"version": "0.13.13",
			"resolved": "https://registry.npmjs.org/esbuild-windows-64/-/esbuild-windows-64-0.13.13.tgz",
			"integrity": "sha512-oMrgjP4CjONvDHe7IZXHrMk3wX5Lof/IwFEIbwbhgbXGBaN2dke9PkViTiXC3zGJSGpMvATXVplEhlInJ0drHA==",
			"dev": true,
			"optional": true
		},
		"esbuild-windows-arm64": {
			"version": "0.13.13",
			"resolved": "https://registry.npmjs.org/esbuild-windows-arm64/-/esbuild-windows-arm64-0.13.13.tgz",
			"integrity": "sha512-6fsDfTuTvltYB5k+QPah/x7LrI2+OLAJLE3bWLDiZI6E8wXMQU+wLqtEO/U/RvJgVY1loPs5eMpUBpVajczh1A==",
			"dev": true,
			"optional": true
		},
		"estree-walker": {
			"version": "2.0.2",
			"resolved": "https://registry.npmjs.org/estree-walker/-/estree-walker-2.0.2.tgz",
			"integrity": "sha512-Rfkk/Mp/DL7JVje3u18FxFujQlTNR2q6QfMSMB7AvCBx91NGj/ba3kCfza0f6dVDbw7YlRf/nDrn7pQrCCyQ/w=="
		},
		"fsevents": {
			"version": "2.3.2",
			"resolved": "https://registry.npmjs.org/fsevents/-/fsevents-2.3.2.tgz",
			"integrity": "sha512-xiqMQR4xAeHTuB9uWm+fFRcIOgKBMiOBP+eXiyT7jsgVCq1bkVygt00oASowB7EdtpOHaaPgKt812P9ab+DDKA==",
			"dev": true,
			"optional": true
		},
		"function-bind": {
			"version": "1.1.1",
			"resolved": "https://registry.npmjs.org/function-bind/-/function-bind-1.1.1.tgz",
			"integrity": "sha512-yIovAzMX49sF8Yl58fSCWJ5svSLuaibPxXQJFLmBObTuCr0Mf1KiPopGM9NiFjiYBCbfaa2Fh6breQ6ANVTI0A==",
			"dev": true
		},
		"has": {
			"version": "1.0.3",
			"resolved": "https://registry.npmjs.org/has/-/has-1.0.3.tgz",
			"integrity": "sha512-f2dvO0VU6Oej7RkWJGrehjbzMAjFp5/VKPp5tTpWIV4JHHZK1/BxbFRtf/siA2SWTe09caDmVtYYzWEIbBS4zw==",
			"dev": true,
			"requires": {
				"function-bind": "^1.1.1"
			}
		},
		"is-core-module": {
			"version": "2.8.0",
			"resolved": "https://registry.npmjs.org/is-core-module/-/is-core-module-2.8.0.tgz",
			"integrity": "sha512-vd15qHsaqrRL7dtH6QNuy0ndJmRDrS9HAM1CAiSifNUFv4x1a0CCVsj18hJ1mShxIG6T2i1sO78MkP56r0nYRw==",
			"dev": true,
			"requires": {
				"has": "^1.0.3"
			}
		},
		"magic-string": {
			"version": "0.25.7",
			"resolved": "https://registry.npmjs.org/magic-string/-/magic-string-0.25.7.tgz",
			"integrity": "sha512-4CrMT5DOHTDk4HYDlzmwu4FVCcIYI8gauveasrdCu2IKIFOJ3f0v/8MDGJCDL9oD2ppz/Av1b0Nj345H9M+XIA==",
			"requires": {
				"sourcemap-codec": "^1.4.4"
			}
		},
		"nanoid": {
			"version": "3.1.30",
			"resolved": "https://registry.npmjs.org/nanoid/-/nanoid-3.1.30.tgz",
			"integrity": "sha512-zJpuPDwOv8D2zq2WRoMe1HsfZthVewpel9CAvTfc/2mBD1uUT/agc5f7GHGWXlYkFvi1mVxe4IjvP2HNrop7nQ=="
		},
		"node-fetch": {
			"version": "2.6.1",
			"resolved": "https://registry.npmjs.org/node-fetch/-/node-fetch-2.6.1.tgz",
			"integrity": "sha512-V4aYg89jEoVRxRb2fJdAg8FHvI7cEyYdVAh94HH0UIK8oJxUfkjlDQN9RbMx+bEjP7+ggMiFRprSti032Oipxw==",
			"dev": true
		},
		"path-parse": {
			"version": "1.0.7",
			"resolved": "https://registry.npmjs.org/path-parse/-/path-parse-1.0.7.tgz",
			"integrity": "sha512-LDJzPVEEEPR+y48z93A0Ed0yXb8pAByGWo/k5YYdYgpY2/2EsOsksJrq7lOHxryrVOn1ejG6oAp8ahvOIQD8sw==",
			"dev": true
		},
		"picocolors": {
			"version": "1.0.0",
			"resolved": "https://registry.npmjs.org/picocolors/-/picocolors-1.0.0.tgz",
			"integrity": "sha512-1fygroTLlHu66zi26VoTDv8yRgm0Fccecssto+MhsZ0D/DGW2sm8E8AjW7NU5VVTRt5GxbeZ5qBuJr+HyLYkjQ=="
		},
		"postcss": {
			"version": "8.4.5",
			"resolved": "https://registry.npmjs.org/postcss/-/postcss-8.4.5.tgz",
			"integrity": "sha512-jBDboWM8qpaqwkMwItqTQTiFikhs/67OYVvblFFTM7MrZjt6yMKd6r2kgXizEbTTljacm4NldIlZnhbjr84QYg==",
			"requires": {
				"nanoid": "^3.1.30",
				"picocolors": "^1.0.0",
				"source-map-js": "^1.0.1"
			}
		},
		"resolve": {
			"version": "1.20.0",
			"resolved": "https://registry.npmjs.org/resolve/-/resolve-1.20.0.tgz",
			"integrity": "sha512-wENBPt4ySzg4ybFQW2TT1zMQucPK95HSh/nq2CFTZVOGut2+pQvSsgtda4d26YrYcr067wjbmzOG8byDPBX63A==",
			"dev": true,
			"requires": {
				"is-core-module": "^2.2.0",
				"path-parse": "^1.0.6"
			}
		},
		"rollup": {
			"version": "2.59.0",
			"resolved": "https://registry.npmjs.org/rollup/-/rollup-2.59.0.tgz",
			"integrity": "sha512-l7s90JQhCQ6JyZjKgo7Lq1dKh2RxatOM+Jr6a9F7WbS9WgKbocyUSeLmZl8evAse7y96Ae98L2k1cBOwWD8nHw==",
			"dev": true,
			"requires": {
				"fsevents": "~2.3.2"
			}
		},
		"source-map": {
			"version": "0.6.1",
			"resolved": "https://registry.npmjs.org/source-map/-/source-map-0.6.1.tgz",
			"integrity": "sha512-UjgapumWlbMhkBgzT7Ykc5YXUT46F0iKu8SGXq0bcwP5dz/h0Plj6enJqjz1Zbq2l5WaqYnrVbwWOWMyF3F47g=="
		},
		"source-map-js": {
			"version": "1.0.1",
			"resolved": "https://registry.npmjs.org/source-map-js/-/source-map-js-1.0.1.tgz",
			"integrity": "sha512-4+TN2b3tqOCd/kaGRJ/sTYA0tR0mdXx26ipdolxcwtJVqEnqNYvlCAt1q3ypy4QMlYus+Zh34RNtYLoq2oQ4IA=="
		},
		"sourcemap-codec": {
			"version": "1.4.8",
			"resolved": "https://registry.npmjs.org/sourcemap-codec/-/sourcemap-codec-1.4.8.tgz",
			"integrity": "sha512-9NykojV5Uih4lgo5So5dtw+f0JgJX30KCNI8gwhz2J9A15wD0Ml6tjHKwf6fTSa6fAdVBdZeNOs9eJ71qCk8vA=="
		},
		"typescript": {
			"version": "4.5.4",
			"resolved": "https://registry.npmjs.org/typescript/-/typescript-4.5.4.tgz",
			"integrity": "sha512-VgYs2A2QIRuGphtzFV7aQJduJ2gyfTljngLzjpfW9FoYZF6xuw1W0vW9ghCKLfcWrCFxK81CSGRAvS1pn4fIUg==",
			"dev": true
		},
		"vite": {
			"version": "2.6.14",
			"resolved": "https://registry.npmjs.org/vite/-/vite-2.6.14.tgz",
			"integrity": "sha512-2HA9xGyi+EhY2MXo0+A2dRsqsAG3eFNEVIo12olkWhOmc8LfiM+eMdrXf+Ruje9gdXgvSqjLI9freec1RUM5EA==",
			"dev": true,
			"requires": {
				"esbuild": "^0.13.2",
				"fsevents": "~2.3.2",
				"postcss": "^8.3.8",
				"resolve": "^1.20.0",
				"rollup": "^2.57.0"
			}
		},
		"vue": {
			"version": "3.2.26",
			"resolved": "https://registry.npmjs.org/vue/-/vue-3.2.26.tgz",
			"integrity": "sha512-KD4lULmskL5cCsEkfhERVRIOEDrfEL9CwAsLYpzptOGjaGFNWo3BQ9g8MAb7RaIO71rmVOziZ/uEN/rHwcUIhg==",
			"requires": {
				"@vue/compiler-dom": "3.2.26",
				"@vue/compiler-sfc": "3.2.26",
				"@vue/runtime-dom": "3.2.26",
				"@vue/server-renderer": "3.2.26",
				"@vue/shared": "3.2.26"
			}
		}
	}
}
